
Microsoft Visual Studio Solution File, Format Version 9.00
# Visual C# Express 2005
Project("{FAE04EC0-301F-11D3-BF4B-00C04F79EFBC}") = "RC.Input-Xbox360", "RC.Input\RC.Input-Xbox360.csproj", "{2D986D90-24FF-4DC1-90A8-2B540EE9169B}"
EndProject
Global
	GlobalSection(SolutionConfigurationPlatforms) = preSolution
		Debug|Xbox 360 = Debug|Xbox 360
		Release|Xbox 360 = Release|Xbox 360
	EndGlobalSection
	GlobalSection(ProjectConfigurationPlatforms) = postSolution
		{2D986D90-24FF-4DC1-90A8-2B540EE9169B}.Debug|Xbox 360.ActiveCfg = Debug|Xbox 360
		{2D986D90-24FF-4DC1-90A8-2B540EE9169B}.Debug|Xbox 360.Build.0 = Debug|Xbox 360
		{2D986D90-24FF-4DC1-90A8-2B540EE9169B}.Release|Xbox 360.ActiveCfg = Release|Xbox 360
		{2D986D90-24FF-4DC1-90A8-2B540EE9169B}.Release|Xbox 360.Build.0 = Release|Xbox 360
	EndGlobalSection
	GlobalSection(SolutionProperties) = preSolution
		HideSolutionNode = FALSE
	EndGlobalSection
EndGlobal
