
Microsoft Visual Studio Solution File, Format Version 9.00
# Visual Studio 2005
Project("{FAE04EC0-301F-11D3-BF4B-00C04F79EFBC}") = "RCube.Networking", "RCube.Networking\RCube.Networking.csproj", "{B4D08915-6C73-482C-A751-4FD0BD00667D}"
EndProject
Project("{FAE04EC0-301F-11D3-BF4B-00C04F79EFBC}") = "RCube.Networking.Server", "RCube.Networking.Server\RCube.Networking.Server.csproj", "{0EACE134-415D-46D1-ADAA-1F6366917E5A}"
EndProject
Project("{FAE04EC0-301F-11D3-BF4B-00C04F79EFBC}") = "RCube.Networking.Server.ClientTest", "RCube.Networking.Server.ClientTest\RCube.Networking.Server.ClientTest.csproj", "{74F0A938-6858-495F-A93A-7467D3E26B19}"
EndProject
Global
	GlobalSection(SolutionConfigurationPlatforms) = preSolution
		Debug|Any CPU = Debug|Any CPU
		Release|Any CPU = Release|Any CPU
	EndGlobalSection
	GlobalSection(ProjectConfigurationPlatforms) = postSolution
		{B4D08915-6C73-482C-A751-4FD0BD00667D}.Debug|Any CPU.ActiveCfg = Debug|Any CPU
		{B4D08915-6C73-482C-A751-4FD0BD00667D}.Debug|Any CPU.Build.0 = Debug|Any CPU
		{B4D08915-6C73-482C-A751-4FD0BD00667D}.Release|Any CPU.ActiveCfg = Release|Any CPU
		{B4D08915-6C73-482C-A751-4FD0BD00667D}.Release|Any CPU.Build.0 = Release|Any CPU
		{0EACE134-415D-46D1-ADAA-1F6366917E5A}.Debug|Any CPU.ActiveCfg = Debug|Any CPU
		{0EACE134-415D-46D1-ADAA-1F6366917E5A}.Debug|Any CPU.Build.0 = Debug|Any CPU
		{0EACE134-415D-46D1-ADAA-1F6366917E5A}.Release|Any CPU.ActiveCfg = Release|Any CPU
		{0EACE134-415D-46D1-ADAA-1F6366917E5A}.Release|Any CPU.Build.0 = Release|Any CPU
		{74F0A938-6858-495F-A93A-7467D3E26B19}.Debug|Any CPU.ActiveCfg = Debug|Any CPU
		{74F0A938-6858-495F-A93A-7467D3E26B19}.Debug|Any CPU.Build.0 = Debug|Any CPU
		{74F0A938-6858-495F-A93A-7467D3E26B19}.Release|Any CPU.ActiveCfg = Release|Any CPU
		{74F0A938-6858-495F-A93A-7467D3E26B19}.Release|Any CPU.Build.0 = Release|Any CPU
	EndGlobalSection
	GlobalSection(SolutionProperties) = preSolution
		HideSolutionNode = FALSE
	EndGlobalSection
EndGlobal
