
Microsoft Visual Studio Solution File, Format Version 9.00
# Visual Studio 2005
Project("{54435603-DBB4-11D2-8724-00A0C9A8B90C}") = "RC.Setup", "RC.Setup\RC.Setup.vdproj", "{2B99E51A-B073-4EC5-84FE-3F9279CE49FE}"
EndProject
Global
	GlobalSection(SolutionConfigurationPlatforms) = preSolution
		Debug|Default = Debug|Default
		Release|Default = Release|Default
	EndGlobalSection
	GlobalSection(ProjectConfigurationPlatforms) = postSolution
		{2B99E51A-B073-4EC5-84FE-3F9279CE49FE}.Debug|Default.ActiveCfg = Debug
		{2B99E51A-B073-4EC5-84FE-3F9279CE49FE}.Debug|Default.Build.0 = Debug
		{2B99E51A-B073-4EC5-84FE-3F9279CE49FE}.Release|Default.ActiveCfg = Release
		{2B99E51A-B073-4EC5-84FE-3F9279CE49FE}.Release|Default.Build.0 = Release
	EndGlobalSection
	GlobalSection(SolutionProperties) = preSolution
		HideSolutionNode = FALSE
	EndGlobalSection
EndGlobal
