
Microsoft Visual Studio Solution File, Format Version 9.00
# Visual C# Express 2005
Project("{FAE04EC0-301F-11D3-BF4B-00C04F79EFBC}") = "RC.Engine", "RC.Engine\RC.Engine\RC.Engine.csproj", "{94931936-A21F-4500-81F7-3851CF4AABEA}"
EndProject
Project("{FAE04EC0-301F-11D3-BF4B-00C04F79EFBC}") = "RC.Input", "RC.Input\RC.Input\RC.Input.csproj", "{16B5B08A-BF3A-4B2B-87A4-5AFE0C15681C}"
	ProjectSection(ProjectDependencies) = postProject
		{94931936-A21F-4500-81F7-3851CF4AABEA} = {94931936-A21F-4500-81F7-3851CF4AABEA}
	EndProjectSection
EndProject
Project("{FAE04EC0-301F-11D3-BF4B-00C04F79EFBC}") = "RC.Gui", "RC.Gui\RC.Gui\RC.Gui.csproj", "{004293A3-2614-46BC-8B27-7500933272F2}"
	ProjectSection(ProjectDependencies) = postProject
		{16B5B08A-BF3A-4B2B-87A4-5AFE0C15681C} = {16B5B08A-BF3A-4B2B-87A4-5AFE0C15681C}
		{94931936-A21F-4500-81F7-3851CF4AABEA} = {94931936-A21F-4500-81F7-3851CF4AABEA}
	EndProjectSection
EndProject
Project("{FAE04EC0-301F-11D3-BF4B-00C04F79EFBC}") = "RC.Engine-Xbox360", "RC.Engine\RC.Engine\RC.Engine-Xbox360.csproj", "{68F4F6BF-69C0-486A-92DD-894AB6FE41C0}"
EndProject
Project("{FAE04EC0-301F-11D3-BF4B-00C04F79EFBC}") = "RC.Gui-Xbox360", "RC.Gui\RC.Gui\RC.Gui-Xbox360.csproj", "{14621A52-18C3-4002-86C9-4DEB8B1C07A3}"
	ProjectSection(ProjectDependencies) = postProject
		{2D986D90-24FF-4DC1-90A8-2B540EE9169B} = {2D986D90-24FF-4DC1-90A8-2B540EE9169B}
		{68F4F6BF-69C0-486A-92DD-894AB6FE41C0} = {68F4F6BF-69C0-486A-92DD-894AB6FE41C0}
	EndProjectSection
EndProject
Project("{FAE04EC0-301F-11D3-BF4B-00C04F79EFBC}") = "RC.Input-Xbox360", "RC.Input\RC.Input\RC.Input-Xbox360.csproj", "{2D986D90-24FF-4DC1-90A8-2B540EE9169B}"
	ProjectSection(ProjectDependencies) = postProject
		{68F4F6BF-69C0-486A-92DD-894AB6FE41C0} = {68F4F6BF-69C0-486A-92DD-894AB6FE41C0}
	EndProjectSection
EndProject
Global
	GlobalSection(SolutionConfigurationPlatforms) = preSolution
		Debug|Mixed Platforms = Debug|Mixed Platforms
		Debug|x86 = Debug|x86
		Debug|Xbox 360 = Debug|Xbox 360
		Release|Mixed Platforms = Release|Mixed Platforms
		Release|x86 = Release|x86
		Release|Xbox 360 = Release|Xbox 360
	EndGlobalSection
	GlobalSection(ProjectConfigurationPlatforms) = postSolution
		{94931936-A21F-4500-81F7-3851CF4AABEA}.Debug|Mixed Platforms.ActiveCfg = Debug|x86
		{94931936-A21F-4500-81F7-3851CF4AABEA}.Debug|Mixed Platforms.Build.0 = Debug|x86
		{94931936-A21F-4500-81F7-3851CF4AABEA}.Debug|x86.ActiveCfg = Debug|x86
		{94931936-A21F-4500-81F7-3851CF4AABEA}.Debug|x86.Build.0 = Debug|x86
		{94931936-A21F-4500-81F7-3851CF4AABEA}.Debug|Xbox 360.ActiveCfg = Debug|x86
		{94931936-A21F-4500-81F7-3851CF4AABEA}.Release|Mixed Platforms.ActiveCfg = Release|x86
		{94931936-A21F-4500-81F7-3851CF4AABEA}.Release|Mixed Platforms.Build.0 = Release|x86
		{94931936-A21F-4500-81F7-3851CF4AABEA}.Release|x86.ActiveCfg = Release|x86
		{94931936-A21F-4500-81F7-3851CF4AABEA}.Release|x86.Build.0 = Release|x86
		{94931936-A21F-4500-81F7-3851CF4AABEA}.Release|Xbox 360.ActiveCfg = Release|x86
		{16B5B08A-BF3A-4B2B-87A4-5AFE0C15681C}.Debug|Mixed Platforms.ActiveCfg = Debug|x86
		{16B5B08A-BF3A-4B2B-87A4-5AFE0C15681C}.Debug|Mixed Platforms.Build.0 = Debug|x86
		{16B5B08A-BF3A-4B2B-87A4-5AFE0C15681C}.Debug|x86.ActiveCfg = Debug|x86
		{16B5B08A-BF3A-4B2B-87A4-5AFE0C15681C}.Debug|x86.Build.0 = Debug|x86
		{16B5B08A-BF3A-4B2B-87A4-5AFE0C15681C}.Debug|Xbox 360.ActiveCfg = Debug|x86
		{16B5B08A-BF3A-4B2B-87A4-5AFE0C15681C}.Release|Mixed Platforms.ActiveCfg = Release|x86
		{16B5B08A-BF3A-4B2B-87A4-5AFE0C15681C}.Release|Mixed Platforms.Build.0 = Release|x86
		{16B5B08A-BF3A-4B2B-87A4-5AFE0C15681C}.Release|x86.ActiveCfg = Release|x86
		{16B5B08A-BF3A-4B2B-87A4-5AFE0C15681C}.Release|x86.Build.0 = Release|x86
		{16B5B08A-BF3A-4B2B-87A4-5AFE0C15681C}.Release|Xbox 360.ActiveCfg = Release|x86
		{004293A3-2614-46BC-8B27-7500933272F2}.Debug|Mixed Platforms.ActiveCfg = Debug|x86
		{004293A3-2614-46BC-8B27-7500933272F2}.Debug|Mixed Platforms.Build.0 = Debug|x86
		{004293A3-2614-46BC-8B27-7500933272F2}.Debug|x86.ActiveCfg = Debug|x86
		{004293A3-2614-46BC-8B27-7500933272F2}.Debug|x86.Build.0 = Debug|x86
		{004293A3-2614-46BC-8B27-7500933272F2}.Debug|Xbox 360.ActiveCfg = Debug|x86
		{004293A3-2614-46BC-8B27-7500933272F2}.Release|Mixed Platforms.ActiveCfg = Release|x86
		{004293A3-2614-46BC-8B27-7500933272F2}.Release|Mixed Platforms.Build.0 = Release|x86
		{004293A3-2614-46BC-8B27-7500933272F2}.Release|x86.ActiveCfg = Release|x86
		{004293A3-2614-46BC-8B27-7500933272F2}.Release|x86.Build.0 = Release|x86
		{004293A3-2614-46BC-8B27-7500933272F2}.Release|Xbox 360.ActiveCfg = Release|x86
		{68F4F6BF-69C0-486A-92DD-894AB6FE41C0}.Debug|Mixed Platforms.ActiveCfg = Debug|Xbox 360
		{68F4F6BF-69C0-486A-92DD-894AB6FE41C0}.Debug|Mixed Platforms.Build.0 = Debug|Xbox 360
		{68F4F6BF-69C0-486A-92DD-894AB6FE41C0}.Debug|x86.ActiveCfg = Debug|Xbox 360
		{68F4F6BF-69C0-486A-92DD-894AB6FE41C0}.Debug|Xbox 360.ActiveCfg = Debug|Xbox 360
		{68F4F6BF-69C0-486A-92DD-894AB6FE41C0}.Debug|Xbox 360.Build.0 = Debug|Xbox 360
		{68F4F6BF-69C0-486A-92DD-894AB6FE41C0}.Release|Mixed Platforms.ActiveCfg = Release|Xbox 360
		{68F4F6BF-69C0-486A-92DD-894AB6FE41C0}.Release|Mixed Platforms.Build.0 = Release|Xbox 360
		{68F4F6BF-69C0-486A-92DD-894AB6FE41C0}.Release|x86.ActiveCfg = Release|Xbox 360
		{68F4F6BF-69C0-486A-92DD-894AB6FE41C0}.Release|Xbox 360.ActiveCfg = Release|Xbox 360
		{68F4F6BF-69C0-486A-92DD-894AB6FE41C0}.Release|Xbox 360.Build.0 = Release|Xbox 360
		{14621A52-18C3-4002-86C9-4DEB8B1C07A3}.Debug|Mixed Platforms.ActiveCfg = Debug|Xbox 360
		{14621A52-18C3-4002-86C9-4DEB8B1C07A3}.Debug|Mixed Platforms.Build.0 = Debug|Xbox 360
		{14621A52-18C3-4002-86C9-4DEB8B1C07A3}.Debug|x86.ActiveCfg = Debug|Xbox 360
		{14621A52-18C3-4002-86C9-4DEB8B1C07A3}.Debug|Xbox 360.ActiveCfg = Debug|Xbox 360
		{14621A52-18C3-4002-86C9-4DEB8B1C07A3}.Debug|Xbox 360.Build.0 = Debug|Xbox 360
		{14621A52-18C3-4002-86C9-4DEB8B1C07A3}.Release|Mixed Platforms.ActiveCfg = Release|Xbox 360
		{14621A52-18C3-4002-86C9-4DEB8B1C07A3}.Release|Mixed Platforms.Build.0 = Release|Xbox 360
		{14621A52-18C3-4002-86C9-4DEB8B1C07A3}.Release|x86.ActiveCfg = Release|Xbox 360
		{14621A52-18C3-4002-86C9-4DEB8B1C07A3}.Release|Xbox 360.ActiveCfg = Release|Xbox 360
		{14621A52-18C3-4002-86C9-4DEB8B1C07A3}.Release|Xbox 360.Build.0 = Release|Xbox 360
		{2D986D90-24FF-4DC1-90A8-2B540EE9169B}.Debug|Mixed Platforms.ActiveCfg = Debug|Xbox 360
		{2D986D90-24FF-4DC1-90A8-2B540EE9169B}.Debug|Mixed Platforms.Build.0 = Debug|Xbox 360
		{2D986D90-24FF-4DC1-90A8-2B540EE9169B}.Debug|x86.ActiveCfg = Debug|Xbox 360
		{2D986D90-24FF-4DC1-90A8-2B540EE9169B}.Debug|Xbox 360.ActiveCfg = Debug|Xbox 360
		{2D986D90-24FF-4DC1-90A8-2B540EE9169B}.Debug|Xbox 360.Build.0 = Debug|Xbox 360
		{2D986D90-24FF-4DC1-90A8-2B540EE9169B}.Release|Mixed Platforms.ActiveCfg = Release|Xbox 360
		{2D986D90-24FF-4DC1-90A8-2B540EE9169B}.Release|Mixed Platforms.Build.0 = Release|Xbox 360
		{2D986D90-24FF-4DC1-90A8-2B540EE9169B}.Release|x86.ActiveCfg = Release|Xbox 360
		{2D986D90-24FF-4DC1-90A8-2B540EE9169B}.Release|Xbox 360.ActiveCfg = Release|Xbox 360
		{2D986D90-24FF-4DC1-90A8-2B540EE9169B}.Release|Xbox 360.Build.0 = Release|Xbox 360
	EndGlobalSection
	GlobalSection(SolutionProperties) = preSolution
		HideSolutionNode = FALSE
	EndGlobalSection
EndGlobal
